
Microsoft Visual Studio Solution File, Format Version 12.00
# Visual Studio Version 16
VisualStudioVersion = 16.0.29728.190
MinimumVisualStudioVersion = 10.0.40219.1
Project("{FAE04EC0-301F-11D3-BF4B-00C04F79EFBC}") = "ResourceManager", "ResourceManager\ResourceManager.csproj", "{C13B346E-C5C5-4DCE-BC17-C3F3D6AB31AD}"
	ProjectSection(ProjectDependencies) = postProject
		{156554EE-F969-4990-B6D5-F3BBABBC0DF1} = {156554EE-F969-4990-B6D5-F3BBABBC0DF1}
	EndProjectSection
EndProject
Project("{FAE04EC0-301F-11D3-BF4B-00C04F79EFBC}") = "ResourceManagerEngine", "ResourceManagerEngine\ResourceManagerEngine.csproj", "{156554EE-F969-4990-B6D5-F3BBABBC0DF1}"
EndProject
Global
	GlobalSection(SolutionConfigurationPlatforms) = preSolution
		Debug|Any CPU = Debug|Any CPU
		Release|Any CPU = Release|Any CPU
	EndGlobalSection
	GlobalSection(ProjectConfigurationPlatforms) = postSolution
		{C13B346E-C5C5-4DCE-BC17-C3F3D6AB31AD}.Debug|Any CPU.ActiveCfg = Debug|Any CPU
		{C13B346E-C5C5-4DCE-BC17-C3F3D6AB31AD}.Debug|Any CPU.Build.0 = Debug|Any CPU
		{C13B346E-C5C5-4DCE-BC17-C3F3D6AB31AD}.Release|Any CPU.ActiveCfg = Release|Any CPU
		{C13B346E-C5C5-4DCE-BC17-C3F3D6AB31AD}.Release|Any CPU.Build.0 = Release|Any CPU
		{156554EE-F969-4990-B6D5-F3BBABBC0DF1}.Debug|Any CPU.ActiveCfg = Debug|Any CPU
		{156554EE-F969-4990-B6D5-F3BBABBC0DF1}.Debug|Any CPU.Build.0 = Debug|Any CPU
		{156554EE-F969-4990-B6D5-F3BBABBC0DF1}.Release|Any CPU.ActiveCfg = Release|Any CPU
		{156554EE-F969-4990-B6D5-F3BBABBC0DF1}.Release|Any CPU.Build.0 = Release|Any CPU
	EndGlobalSection
	GlobalSection(SolutionProperties) = preSolution
		HideSolutionNode = FALSE
	EndGlobalSection
	GlobalSection(ExtensibilityGlobals) = postSolution
		SolutionGuid = {0E7D29AE-7D9A-42D2-8F33-9161D4C8AE4A}
	EndGlobalSection
EndGlobal
